{
  "name": "react-recoil-example",
  "version": "0.1.0",
  "lockfileVersion": 1,
  "requires": true,
  "dependencies": {
    "recoil": {
      "version": "0.0.7",
      "resolved": "https://registry.npmjs.org/recoil/-/recoil-0.0.7.tgz",
      "integrity": "sha512-U/0kniHLk131hKhAX35QGdghVf3+PSkLcFIFoNBNy+yv62qCLm3TE5c3v4x4WYzuKgw1fxU3GGhKHAUYdyRnTQ=="
    }
  }
}
